
Microsoft Visual Studio Solution File, Format Version 12.00
# Visual Studio Version 16
VisualStudioVersion = 16.0.31613.86
MinimumVisualStudioVersion = 10.0.40219.1
Project("{FAE04EC0-301F-11D3-BF4B-00C04F79EFBC}") = "ControlWeb1.0", "ControlWeb1.0.csproj", "{491308AC-0CB0-41E6-9015-1043EC6B405A}"
EndProject
Global
	GlobalSection(SolutionConfigurationPlatforms) = preSolution
		Debug|Any CPU = Debug|Any CPU
		Release|Any CPU = Release|Any CPU
	EndGlobalSection
	GlobalSection(ProjectConfigurationPlatforms) = postSolution
		{491308AC-0CB0-41E6-9015-1043EC6B405A}.Debug|Any CPU.ActiveCfg = Debug|Any CPU
		{491308AC-0CB0-41E6-9015-1043EC6B405A}.Debug|Any CPU.Build.0 = Debug|Any CPU
		{491308AC-0CB0-41E6-9015-1043EC6B405A}.Release|Any CPU.ActiveCfg = Release|Any CPU
		{491308AC-0CB0-41E6-9015-1043EC6B405A}.Release|Any CPU.Build.0 = Release|Any CPU
	EndGlobalSection
	GlobalSection(SolutionProperties) = preSolution
		HideSolutionNode = FALSE
	EndGlobalSection
	GlobalSection(ExtensibilityGlobals) = postSolution
		SolutionGuid = {E86EBBE6-60D3-402D-8090-5F5E8E1E61BE}
	EndGlobalSection
EndGlobal
